
Microsoft Visual Studio Solution File, Format Version 12.00
# Visual Studio Version 17
VisualStudioVersion = 17.11.35303.130
MinimumVisualStudioVersion = 10.0.40219.1
Project("{FAE04EC0-301F-11D3-BF4B-00C04F79EFBC}") = "3ISIP_Lyamin", "3ISIP_Lyamin.csproj", "{8B054827-DACA-4B4D-B235-4BF74D9DD0CB}"
EndProject
Global
	GlobalSection(SolutionConfigurationPlatforms) = preSolution
		Debug|Any CPU = Debug|Any CPU
		Release|Any CPU = Release|Any CPU
	EndGlobalSection
	GlobalSection(ProjectConfigurationPlatforms) = postSolution
		{8B054827-DACA-4B4D-B235-4BF74D9DD0CB}.Debug|Any CPU.ActiveCfg = Debug|Any CPU
		{8B054827-DACA-4B4D-B235-4BF74D9DD0CB}.Debug|Any CPU.Build.0 = Debug|Any CPU
		{8B054827-DACA-4B4D-B235-4BF74D9DD0CB}.Release|Any CPU.ActiveCfg = Release|Any CPU
		{8B054827-DACA-4B4D-B235-4BF74D9DD0CB}.Release|Any CPU.Build.0 = Release|Any CPU
	EndGlobalSection
	GlobalSection(SolutionProperties) = preSolution
		HideSolutionNode = FALSE
	EndGlobalSection
	GlobalSection(ExtensibilityGlobals) = postSolution
		SolutionGuid = {92CD688C-B493-46A5-9418-F1136B9E4340}
	EndGlobalSection
EndGlobal
